
Microsoft Visual Studio Solution File, Format Version 12.00
# Visual Studio 15
VisualStudioVersion = 15.0.28307.757
MinimumVisualStudioVersion = 10.0.40219.1
Project("{FAE04EC0-301F-11D3-BF4B-00C04F79EFBC}") = "backend", "backend\backend.csproj", "{066A79B8-6409-4D6A-958C-7B2D1EA69860}"
EndProject
Global
	GlobalSection(SolutionConfigurationPlatforms) = preSolution
		Debug|Any CPU = Debug|Any CPU
		Release|Any CPU = Release|Any CPU
	EndGlobalSection
	GlobalSection(ProjectConfigurationPlatforms) = postSolution
		{066A79B8-6409-4D6A-958C-7B2D1EA69860}.Debug|Any CPU.ActiveCfg = Debug|Any CPU
		{066A79B8-6409-4D6A-958C-7B2D1EA69860}.Debug|Any CPU.Build.0 = Debug|Any CPU
		{066A79B8-6409-4D6A-958C-7B2D1EA69860}.Release|Any CPU.ActiveCfg = Release|Any CPU
		{066A79B8-6409-4D6A-958C-7B2D1EA69860}.Release|Any CPU.Build.0 = Release|Any CPU
	EndGlobalSection
	GlobalSection(SolutionProperties) = preSolution
		HideSolutionNode = FALSE
	EndGlobalSection
	GlobalSection(ExtensibilityGlobals) = postSolution
		SolutionGuid = {44B109ED-14C9-4E90-9026-96321EEF3BCF}
	EndGlobalSection
EndGlobal
